{
  "originHash" : "d79dea5182bfc20a6ea349fae8f820ecacd5b89e1912551f13b7721b9f865fb5",
  "pins" : [
    {
      "identity" : "nucleus-native-ui",
      "kind" : "remoteSourceControl",
      "location" : "https://github.com/NucleusHub/nucleus-native-ui",
      "state" : {
        "revision" : "440dca36d8fe72a329f0a3f30ff5adede1de3824",
        "version" : "0.3.0"
      }
    }
  ],
  "version" : 3
}
