{
  "originHash" : "7531cfa4cea5efa759536613c5ff555e43088d9daabd9c220b93fbacbaf17221",
  "pins" : [
    {
      "identity" : "nucleus-native-ui",
      "kind" : "remoteSourceControl",
      "location" : "https://github.com/NucleusHub/nucleus-native-ui",
      "state" : {
        "revision" : "ad24c3ed6800cb2b87649e776fe20f5684957212",
        "version" : "0.1.0"
      }
    }
  ],
  "version" : 3
}
